
Microsoft Visual Studio Solution File, Format Version 11.00
# Visual Studio 2010
Project("{FAE04EC0-301F-11D3-BF4B-00C04F79EFBC}") = "CapRaffle.WebUI", "CapRaffle\CapRaffle.WebUI.csproj", "{4B13A5B6-460D-4244-8145-B83FAA38A330}"
EndProject
Project("{FAE04EC0-301F-11D3-BF4B-00C04F79EFBC}") = "CapRaffle.Domain", "CapRaffle.Domain\CapRaffle.Domain.csproj", "{2507A4C1-228A-4FCB-AAA0-AB31FA15932B}"
EndProject
Project("{FAE04EC0-301F-11D3-BF4B-00C04F79EFBC}") = "CapRaffle.UnitTests", "CapRaffle.UnitTests\CapRaffle.UnitTests.csproj", "{BADAB764-50D0-4E1D-ABF9-0F8852E19DBF}"
EndProject
Project("{FAE04EC0-301F-11D3-BF4B-00C04F79EFBC}") = "CapRaffle.WinService", "CapRaffle.WinService\CapRaffle.WinService.csproj", "{7D7EC593-213F-4E40-AB76-60EE540DC068}"
EndProject
Project("{FAE04EC0-301F-11D3-BF4B-00C04F79EFBC}") = "CapRaffle.PopulateDatabase", "CapRaffle.PopulateDatabase\CapRaffle.PopulateDatabase.csproj", "{8B6064C5-7614-4075-B2F4-A28F7403F11A}"
EndProject
Global
	GlobalSection(SolutionConfigurationPlatforms) = preSolution
		Debug|Any CPU = Debug|Any CPU
		Debug|Mixed Platforms = Debug|Mixed Platforms
		Debug|x86 = Debug|x86
		Release|Any CPU = Release|Any CPU
		Release|Mixed Platforms = Release|Mixed Platforms
		Release|x86 = Release|x86
	EndGlobalSection
	GlobalSection(ProjectConfigurationPlatforms) = postSolution
		{4B13A5B6-460D-4244-8145-B83FAA38A330}.Debug|Any CPU.ActiveCfg = Debug|Any CPU
		{4B13A5B6-460D-4244-8145-B83FAA38A330}.Debug|Any CPU.Build.0 = Debug|Any CPU
		{4B13A5B6-460D-4244-8145-B83FAA38A330}.Debug|Mixed Platforms.ActiveCfg = Debug|Any CPU
		{4B13A5B6-460D-4244-8145-B83FAA38A330}.Debug|Mixed Platforms.Build.0 = Debug|Any CPU
		{4B13A5B6-460D-4244-8145-B83FAA38A330}.Debug|x86.ActiveCfg = Debug|Any CPU
		{4B13A5B6-460D-4244-8145-B83FAA38A330}.Release|Any CPU.ActiveCfg = Release|Any CPU
		{4B13A5B6-460D-4244-8145-B83FAA38A330}.Release|Any CPU.Build.0 = Release|Any CPU
		{4B13A5B6-460D-4244-8145-B83FAA38A330}.Release|Mixed Platforms.ActiveCfg = Release|Any CPU
		{4B13A5B6-460D-4244-8145-B83FAA38A330}.Release|Mixed Platforms.Build.0 = Release|Any CPU
		{4B13A5B6-460D-4244-8145-B83FAA38A330}.Release|x86.ActiveCfg = Release|Any CPU
		{2507A4C1-228A-4FCB-AAA0-AB31FA15932B}.Debug|Any CPU.ActiveCfg = Debug|Any CPU
		{2507A4C1-228A-4FCB-AAA0-AB31FA15932B}.Debug|Any CPU.Build.0 = Debug|Any CPU
		{2507A4C1-228A-4FCB-AAA0-AB31FA15932B}.Debug|Mixed Platforms.ActiveCfg = Debug|Any CPU
		{2507A4C1-228A-4FCB-AAA0-AB31FA15932B}.Debug|Mixed Platforms.Build.0 = Debug|Any CPU
		{2507A4C1-228A-4FCB-AAA0-AB31FA15932B}.Debug|x86.ActiveCfg = Debug|Any CPU
		{2507A4C1-228A-4FCB-AAA0-AB31FA15932B}.Release|Any CPU.ActiveCfg = Release|Any CPU
		{2507A4C1-228A-4FCB-AAA0-AB31FA15932B}.Release|Any CPU.Build.0 = Release|Any CPU
		{2507A4C1-228A-4FCB-AAA0-AB31FA15932B}.Release|Mixed Platforms.ActiveCfg = Release|Any CPU
		{2507A4C1-228A-4FCB-AAA0-AB31FA15932B}.Release|Mixed Platforms.Build.0 = Release|Any CPU
		{2507A4C1-228A-4FCB-AAA0-AB31FA15932B}.Release|x86.ActiveCfg = Release|Any CPU
		{BADAB764-50D0-4E1D-ABF9-0F8852E19DBF}.Debug|Any CPU.ActiveCfg = Debug|x86
		{BADAB764-50D0-4E1D-ABF9-0F8852E19DBF}.Debug|Mixed Platforms.ActiveCfg = Debug|x86
		{BADAB764-50D0-4E1D-ABF9-0F8852E19DBF}.Debug|Mixed Platforms.Build.0 = Debug|x86
		{BADAB764-50D0-4E1D-ABF9-0F8852E19DBF}.Debug|x86.ActiveCfg = Debug|x86
		{BADAB764-50D0-4E1D-ABF9-0F8852E19DBF}.Debug|x86.Build.0 = Debug|x86
		{BADAB764-50D0-4E1D-ABF9-0F8852E19DBF}.Release|Any CPU.ActiveCfg = Release|x86
		{BADAB764-50D0-4E1D-ABF9-0F8852E19DBF}.Release|Mixed Platforms.ActiveCfg = Release|x86
		{BADAB764-50D0-4E1D-ABF9-0F8852E19DBF}.Release|Mixed Platforms.Build.0 = Release|x86
		{BADAB764-50D0-4E1D-ABF9-0F8852E19DBF}.Release|x86.ActiveCfg = Release|x86
		{BADAB764-50D0-4E1D-ABF9-0F8852E19DBF}.Release|x86.Build.0 = Release|x86
		{7D7EC593-213F-4E40-AB76-60EE540DC068}.Debug|Any CPU.ActiveCfg = Debug|x86
		{7D7EC593-213F-4E40-AB76-60EE540DC068}.Debug|Mixed Platforms.ActiveCfg = Debug|x86
		{7D7EC593-213F-4E40-AB76-60EE540DC068}.Debug|Mixed Platforms.Build.0 = Debug|x86
		{7D7EC593-213F-4E40-AB76-60EE540DC068}.Debug|x86.ActiveCfg = Debug|x86
		{7D7EC593-213F-4E40-AB76-60EE540DC068}.Debug|x86.Build.0 = Debug|x86
		{7D7EC593-213F-4E40-AB76-60EE540DC068}.Release|Any CPU.ActiveCfg = Release|x86
		{7D7EC593-213F-4E40-AB76-60EE540DC068}.Release|Mixed Platforms.ActiveCfg = Release|x86
		{7D7EC593-213F-4E40-AB76-60EE540DC068}.Release|Mixed Platforms.Build.0 = Release|x86
		{7D7EC593-213F-4E40-AB76-60EE540DC068}.Release|x86.ActiveCfg = Release|x86
		{7D7EC593-213F-4E40-AB76-60EE540DC068}.Release|x86.Build.0 = Release|x86
		{8B6064C5-7614-4075-B2F4-A28F7403F11A}.Debug|Any CPU.ActiveCfg = Debug|x86
		{8B6064C5-7614-4075-B2F4-A28F7403F11A}.Debug|Mixed Platforms.ActiveCfg = Debug|x86
		{8B6064C5-7614-4075-B2F4-A28F7403F11A}.Debug|Mixed Platforms.Build.0 = Debug|x86
		{8B6064C5-7614-4075-B2F4-A28F7403F11A}.Debug|x86.ActiveCfg = Debug|x86
		{8B6064C5-7614-4075-B2F4-A28F7403F11A}.Debug|x86.Build.0 = Debug|x86
		{8B6064C5-7614-4075-B2F4-A28F7403F11A}.Release|Any CPU.ActiveCfg = Release|x86
		{8B6064C5-7614-4075-B2F4-A28F7403F11A}.Release|Mixed Platforms.ActiveCfg = Release|x86
		{8B6064C5-7614-4075-B2F4-A28F7403F11A}.Release|Mixed Platforms.Build.0 = Release|x86
		{8B6064C5-7614-4075-B2F4-A28F7403F11A}.Release|x86.ActiveCfg = Release|x86
		{8B6064C5-7614-4075-B2F4-A28F7403F11A}.Release|x86.Build.0 = Release|x86
	EndGlobalSection
	GlobalSection(SolutionProperties) = preSolution
		HideSolutionNode = FALSE
	EndGlobalSection
EndGlobal
